
Microsoft Visual Studio Solution File, Format Version 12.00
# Visual Studio Version 16
VisualStudioVersion = 16.0.33927.289
MinimumVisualStudioVersion = 10.0.40219.1
Project("{2150E333-8FDC-42A3-9474-1A3956D46DE8}") = "Task0", "Task0", "{47B4BE62-0F47-4ACD-90D4-1BA6B103C8FC}"
EndProject
Project("{FAE04EC0-301F-11D3-BF4B-00C04F79EFBC}") = "Tyuiu.PustobaevDO.Sprint1.Task0.V11.V0", "Tyuiu.PustobaevDO.Sprint1.Task0.V0\Tyuiu.PustobaevDO.Sprint1.Task0.V11.V0.csproj", "{553AD7F1-B3DC-4C0E-A7F9-4DE68D90467F}"
EndProject
Project("{FAE04EC0-301F-11D3-BF4B-00C04F79EFBC}") = "Tyuiu.PustobaevDO.Sprint1.Task0.V11.Test", "Tyuiu.PustobaevDO.Sprint1.Task0.V0.Test\Tyuiu.PustobaevDO.Sprint1.Task0.V11.Test.csproj", "{67639CA9-EBE9-4855-838C-66C69800FDE3}"
EndProject
Project("{FAE04EC0-301F-11D3-BF4B-00C04F79EFBC}") = "Tyuiu.PustobaevDO.Sprint1.Task0.V11.Lib", "Tyuiu.PustobaevDO.Sprint1.Task0.V0.Lib\Tyuiu.PustobaevDO.Sprint1.Task0.V11.Lib.csproj", "{0BF42A2A-B60C-4368-954A-146B0CF2B923}"
EndProject
Project("{2150E333-8FDC-42A3-9474-1A3956D46DE8}") = "Task1", "Task1", "{DEC81813-36B2-405B-BD0B-F87DE3B36177}"
EndProject
Project("{FAE04EC0-301F-11D3-BF4B-00C04F79EFBC}") = "Tyuiu.PustobaevDO.Sprint1.Task1.V23.Lib", "Tyuiu.PustobaevDO.Sprint1.Task1.V0.Lib\Tyuiu.PustobaevDO.Sprint1.Task1.V23.Lib.csproj", "{27B4C4E0-54E6-4776-B8EC-8055685071A3}"
EndProject
Project("{FAE04EC0-301F-11D3-BF4B-00C04F79EFBC}") = "Tyuiu.PustobaevDO.Sprint1.Task1.V23.Test", "Tyuiu.PustobaevDO.Sprint1.Task1.V0.Test\Tyuiu.PustobaevDO.Sprint1.Task1.V23.Test.csproj", "{1ABF7DAA-1C08-4423-AB55-6D44D7044900}"
EndProject
Project("{FAE04EC0-301F-11D3-BF4B-00C04F79EFBC}") = "Tyuiu.PustobaevDO.Sprint1.Task1.V23", "Tyuiu.PustobaevDO.Sprint1.Task1.V0\Tyuiu.PustobaevDO.Sprint1.Task1.V23.csproj", "{47CD26CA-BC0E-492C-83D4-129AD96C5A45}"
EndProject
Project("{2150E333-8FDC-42A3-9474-1A3956D46DE8}") = "Task2", "Task2", "{E0C173AB-79F1-4BF4-B264-4515095B3FCF}"
EndProject
Project("{FAE04EC0-301F-11D3-BF4B-00C04F79EFBC}") = "Tyuiu.PustobaevDO.Sprint1.Task2.V23", "Tyuiu.PustobaevDO.Sprint1.Task2.V23\Tyuiu.PustobaevDO.Sprint1.Task2.V23.csproj", "{8F5E94F8-8338-4364-ABF9-E4BDC123D7AE}"
EndProject
Project("{FAE04EC0-301F-11D3-BF4B-00C04F79EFBC}") = "Tyuiu.PustobaevDO.Sprint1.Task2.V23.Test", "Tyuiu.PustobaevDO.Sprint1.Task2.V23.Test\Tyuiu.PustobaevDO.Sprint1.Task2.V23.Test.csproj", "{87E11C49-5E51-4A95-BA2B-09FE55FC4BE3}"
EndProject
Project("{FAE04EC0-301F-11D3-BF4B-00C04F79EFBC}") = "Tyuiu.PustobaevDO.Sprint1.Task2.V23.Lib", "Tyuiu.PustobaevDO.Sprint1.Task2.V23.Lib\Tyuiu.PustobaevDO.Sprint1.Task2.V23.Lib.csproj", "{7BAE5D63-B1EE-49C9-B5B0-036C1D6025A5}"
EndProject
Project("{2150E333-8FDC-42A3-9474-1A3956D46DE8}") = "Task3", "Task3", "{F8C8DEC3-A31A-4A7B-9F52-82A075C4F7D4}"
EndProject
Project("{FAE04EC0-301F-11D3-BF4B-00C04F79EFBC}") = "Tyuiu.PustobaevDO.Sprint1.Task3.V15", "Tyuiu.PustobaevDO.Sprint1.Task2.V15\Tyuiu.PustobaevDO.Sprint1.Task3.V15.csproj", "{921533C5-8FD8-46E5-BB97-67BD80002E35}"
EndProject
Project("{FAE04EC0-301F-11D3-BF4B-00C04F79EFBC}") = "Tyuiu.PustobaevDO.Sprint1.Task3.V15.Lib", "Tyuiu.PustobaevDO.Sprint1.Task2.V15.Lib\Tyuiu.PustobaevDO.Sprint1.Task3.V15.Lib.csproj", "{B1FF245A-5758-47F1-BFCD-249624EBC702}"
EndProject
Project("{FAE04EC0-301F-11D3-BF4B-00C04F79EFBC}") = "Tyuiu.PustobaevDO.Sprint1.Task3.V15.Test", "Tyuiu.PustobaevDO.Sprint1.Task2.V15.Test\Tyuiu.PustobaevDO.Sprint1.Task3.V15.Test.csproj", "{36C44552-A217-4B28-A9CD-97FC38D4741B}"
EndProject
Project("{2150E333-8FDC-42A3-9474-1A3956D46DE8}") = "Task4", "Task4", "{1EAA7E2B-3535-44AF-ACBD-21BB102A2286}"
EndProject
Project("{FAE04EC0-301F-11D3-BF4B-00C04F79EFBC}") = "Tyuiu.PustobaevDO.Sprint1.Task4.V1.Lib", "Tyuiu.PustobaevDO.Sprint1.Task4.V1.Lib\Tyuiu.PustobaevDO.Sprint1.Task4.V1.Lib.csproj", "{F98D6597-628D-4B06-AA07-7C64D2BFC66D}"
EndProject
Project("{FAE04EC0-301F-11D3-BF4B-00C04F79EFBC}") = "Tyuiu.PustobaevDO.Sprint1.Task4.V1.Test", "Tyuiu.PustobaevDO.Sprint1.Task4.V1.Test\Tyuiu.PustobaevDO.Sprint1.Task4.V1.Test.csproj", "{00CB3FAF-4BAF-4801-B0CD-8E4363154B76}"
EndProject
Project("{FAE04EC0-301F-11D3-BF4B-00C04F79EFBC}") = "Tyuiu.PustobaevDO.Sprint1.Task4.V1", "Tyuiu.PustobaevDO.Sprint1.Task4.V1\Tyuiu.PustobaevDO.Sprint1.Task4.V1.csproj", "{32368E7E-4EE2-4258-A9BB-5806DD4C3A9B}"
EndProject
Project("{2150E333-8FDC-42A3-9474-1A3956D46DE8}") = "Task5", "Task5", "{56EA4FD5-757A-4EBC-8D30-33A482F59AE0}"
EndProject
Project("{FAE04EC0-301F-11D3-BF4B-00C04F79EFBC}") = "Tyuiu.PustobaevDO.Sprint1.Task5.V2", "Tyuiu.PustobaevDO.Sprint1.Task5.V2\Tyuiu.PustobaevDO.Sprint1.Task5.V2.csproj", "{9319ABA9-FAA8-4D10-B387-E6CE76EED131}"
EndProject
Project("{FAE04EC0-301F-11D3-BF4B-00C04F79EFBC}") = "Tyuiu.PustobaevDO.Sprint1.Task5.V2.Test", "Tyuiu.PustobaevDO.Sprint1.Task5.V2.Test\Tyuiu.PustobaevDO.Sprint1.Task5.V2.Test.csproj", "{3F3F538B-A30F-47A4-8080-BFBE1663D74F}"
EndProject
Project("{FAE04EC0-301F-11D3-BF4B-00C04F79EFBC}") = "Tyuiu.PustobaevDO.Sprint1.Task5.V2.Lib", "Tyuiu.PustobaevDO.Sprint1.Task5.V2.Lib\Tyuiu.PustobaevDO.Sprint1.Task5.V2.Lib.csproj", "{E3385AAB-2453-43F8-B1BB-39424B0C4127}"
EndProject
Project("{2150E333-8FDC-42A3-9474-1A3956D46DE8}") = "Task6", "Task6", "{206D9FE0-1702-4188-8BBF-6B2E113F9855}"
EndProject
Project("{FAE04EC0-301F-11D3-BF4B-00C04F79EFBC}") = "Tyuiu.PustobaevDO.Sprint1.Task6.V15.Lib", "Tyuiu.PustobaevDO.Sprint1.Task6.V15.Lib\Tyuiu.PustobaevDO.Sprint1.Task6.V15.Lib.csproj", "{8821C8BD-B1EA-47D1-8DAE-0B1E4D1CEE89}"
EndProject
Project("{FAE04EC0-301F-11D3-BF4B-00C04F79EFBC}") = "Tyuiu.PustobaevDO.Sprint1.Task6.V15.Test", "Tyuiu.PustobaevDO.Sprint1.Task6.V15.Test\Tyuiu.PustobaevDO.Sprint1.Task6.V15.Test.csproj", "{6EA0308D-1924-4404-822E-6C325ABA9942}"
EndProject
Project("{FAE04EC0-301F-11D3-BF4B-00C04F79EFBC}") = "Tyuiu.PustobaevDO.Sprint1.Task6.V15", "Tyuiu.PustobaevDO.Sprint1.Task6.V15\Tyuiu.PustobaevDO.Sprint1.Task6.V15.csproj", "{3D9255C1-7773-4544-BE91-5695489197A5}"
EndProject
Project("{2150E333-8FDC-42A3-9474-1A3956D46DE8}") = "Task7", "Task7", "{10B77BD6-AEA1-4BC4-BCE2-8B03736F91DD}"
EndProject
Project("{FAE04EC0-301F-11D3-BF4B-00C04F79EFBC}") = "Tyuiu.PustobaevDO.Sprint1.Task7.V23", "Tyuiu.PustobaevDO.Sprint1.Task7.V23\Tyuiu.PustobaevDO.Sprint1.Task7.V23.csproj", "{0C02665D-9F96-4C44-B369-201D67CCFAD1}"
EndProject
Project("{FAE04EC0-301F-11D3-BF4B-00C04F79EFBC}") = "Tyuiu.PustobaevDO.Sprint1.Task7.V23.Test", "Tyuiu.PustobaevDO.Sprint1.Task7.V23.Test\Tyuiu.PustobaevDO.Sprint1.Task7.V23.Test.csproj", "{85877E5D-C418-4B82-B623-7861D21C634B}"
EndProject
Project("{FAE04EC0-301F-11D3-BF4B-00C04F79EFBC}") = "Tyuiu.PustobaevDO.Sprint1.Task7.V23.Lib", "Tyuiu.PustobaevDO.Sprint1.Task7.V23.Lib\Tyuiu.PustobaevDO.Sprint1.Task7.V23.Lib.csproj", "{6EF2A585-B5D5-471D-8EE5-8D928279DDCF}"
EndProject
Global
	GlobalSection(SolutionConfigurationPlatforms) = preSolution
		Debug|Any CPU = Debug|Any CPU
		Release|Any CPU = Release|Any CPU
	EndGlobalSection
	GlobalSection(ProjectConfigurationPlatforms) = postSolution
		{553AD7F1-B3DC-4C0E-A7F9-4DE68D90467F}.Debug|Any CPU.ActiveCfg = Debug|Any CPU
		{553AD7F1-B3DC-4C0E-A7F9-4DE68D90467F}.Debug|Any CPU.Build.0 = Debug|Any CPU
		{553AD7F1-B3DC-4C0E-A7F9-4DE68D90467F}.Release|Any CPU.ActiveCfg = Release|Any CPU
		{553AD7F1-B3DC-4C0E-A7F9-4DE68D90467F}.Release|Any CPU.Build.0 = Release|Any CPU
		{67639CA9-EBE9-4855-838C-66C69800FDE3}.Debug|Any CPU.ActiveCfg = Debug|Any CPU
		{67639CA9-EBE9-4855-838C-66C69800FDE3}.Debug|Any CPU.Build.0 = Debug|Any CPU
		{67639CA9-EBE9-4855-838C-66C69800FDE3}.Release|Any CPU.ActiveCfg = Release|Any CPU
		{67639CA9-EBE9-4855-838C-66C69800FDE3}.Release|Any CPU.Build.0 = Release|Any CPU
		{0BF42A2A-B60C-4368-954A-146B0CF2B923}.Debug|Any CPU.ActiveCfg = Debug|Any CPU
		{0BF42A2A-B60C-4368-954A-146B0CF2B923}.Debug|Any CPU.Build.0 = Debug|Any CPU
		{0BF42A2A-B60C-4368-954A-146B0CF2B923}.Release|Any CPU.ActiveCfg = Release|Any CPU
		{0BF42A2A-B60C-4368-954A-146B0CF2B923}.Release|Any CPU.Build.0 = Release|Any CPU
		{27B4C4E0-54E6-4776-B8EC-8055685071A3}.Debug|Any CPU.ActiveCfg = Debug|Any CPU
		{27B4C4E0-54E6-4776-B8EC-8055685071A3}.Debug|Any CPU.Build.0 = Debug|Any CPU
		{27B4C4E0-54E6-4776-B8EC-8055685071A3}.Release|Any CPU.ActiveCfg = Release|Any CPU
		{27B4C4E0-54E6-4776-B8EC-8055685071A3}.Release|Any CPU.Build.0 = Release|Any CPU
		{1ABF7DAA-1C08-4423-AB55-6D44D7044900}.Debug|Any CPU.ActiveCfg = Debug|Any CPU
		{1ABF7DAA-1C08-4423-AB55-6D44D7044900}.Debug|Any CPU.Build.0 = Debug|Any CPU
		{1ABF7DAA-1C08-4423-AB55-6D44D7044900}.Release|Any CPU.ActiveCfg = Release|Any CPU
		{1ABF7DAA-1C08-4423-AB55-6D44D7044900}.Release|Any CPU.Build.0 = Release|Any CPU
		{47CD26CA-BC0E-492C-83D4-129AD96C5A45}.Debug|Any CPU.ActiveCfg = Debug|Any CPU
		{47CD26CA-BC0E-492C-83D4-129AD96C5A45}.Debug|Any CPU.Build.0 = Debug|Any CPU
		{47CD26CA-BC0E-492C-83D4-129AD96C5A45}.Release|Any CPU.ActiveCfg = Release|Any CPU
		{47CD26CA-BC0E-492C-83D4-129AD96C5A45}.Release|Any CPU.Build.0 = Release|Any CPU
		{8F5E94F8-8338-4364-ABF9-E4BDC123D7AE}.Debug|Any CPU.ActiveCfg = Debug|Any CPU
		{8F5E94F8-8338-4364-ABF9-E4BDC123D7AE}.Debug|Any CPU.Build.0 = Debug|Any CPU
		{8F5E94F8-8338-4364-ABF9-E4BDC123D7AE}.Release|Any CPU.ActiveCfg = Release|Any CPU
		{8F5E94F8-8338-4364-ABF9-E4BDC123D7AE}.Release|Any CPU.Build.0 = Release|Any CPU
		{87E11C49-5E51-4A95-BA2B-09FE55FC4BE3}.Debug|Any CPU.ActiveCfg = Debug|Any CPU
		{87E11C49-5E51-4A95-BA2B-09FE55FC4BE3}.Debug|Any CPU.Build.0 = Debug|Any CPU
		{87E11C49-5E51-4A95-BA2B-09FE55FC4BE3}.Release|Any CPU.ActiveCfg = Release|Any CPU
		{87E11C49-5E51-4A95-BA2B-09FE55FC4BE3}.Release|Any CPU.Build.0 = Release|Any CPU
		{7BAE5D63-B1EE-49C9-B5B0-036C1D6025A5}.Debug|Any CPU.ActiveCfg = Debug|Any CPU
		{7BAE5D63-B1EE-49C9-B5B0-036C1D6025A5}.Debug|Any CPU.Build.0 = Debug|Any CPU
		{7BAE5D63-B1EE-49C9-B5B0-036C1D6025A5}.Release|Any CPU.ActiveCfg = Release|Any CPU
		{7BAE5D63-B1EE-49C9-B5B0-036C1D6025A5}.Release|Any CPU.Build.0 = Release|Any CPU
		{921533C5-8FD8-46E5-BB97-67BD80002E35}.Debug|Any CPU.ActiveCfg = Debug|Any CPU
		{921533C5-8FD8-46E5-BB97-67BD80002E35}.Debug|Any CPU.Build.0 = Debug|Any CPU
		{921533C5-8FD8-46E5-BB97-67BD80002E35}.Release|Any CPU.ActiveCfg = Release|Any CPU
		{921533C5-8FD8-46E5-BB97-67BD80002E35}.Release|Any CPU.Build.0 = Release|Any CPU
		{B1FF245A-5758-47F1-BFCD-249624EBC702}.Debug|Any CPU.ActiveCfg = Debug|Any CPU
		{B1FF245A-5758-47F1-BFCD-249624EBC702}.Debug|Any CPU.Build.0 = Debug|Any CPU
		{B1FF245A-5758-47F1-BFCD-249624EBC702}.Release|Any CPU.ActiveCfg = Release|Any CPU
		{B1FF245A-5758-47F1-BFCD-249624EBC702}.Release|Any CPU.Build.0 = Release|Any CPU
		{36C44552-A217-4B28-A9CD-97FC38D4741B}.Debug|Any CPU.ActiveCfg = Debug|Any CPU
		{36C44552-A217-4B28-A9CD-97FC38D4741B}.Debug|Any CPU.Build.0 = Debug|Any CPU
		{36C44552-A217-4B28-A9CD-97FC38D4741B}.Release|Any CPU.ActiveCfg = Release|Any CPU
		{36C44552-A217-4B28-A9CD-97FC38D4741B}.Release|Any CPU.Build.0 = Release|Any CPU
		{F98D6597-628D-4B06-AA07-7C64D2BFC66D}.Debug|Any CPU.ActiveCfg = Debug|Any CPU
		{F98D6597-628D-4B06-AA07-7C64D2BFC66D}.Debug|Any CPU.Build.0 = Debug|Any CPU
		{F98D6597-628D-4B06-AA07-7C64D2BFC66D}.Release|Any CPU.ActiveCfg = Release|Any CPU
		{F98D6597-628D-4B06-AA07-7C64D2BFC66D}.Release|Any CPU.Build.0 = Release|Any CPU
		{00CB3FAF-4BAF-4801-B0CD-8E4363154B76}.Debug|Any CPU.ActiveCfg = Debug|Any CPU
		{00CB3FAF-4BAF-4801-B0CD-8E4363154B76}.Debug|Any CPU.Build.0 = Debug|Any CPU
		{00CB3FAF-4BAF-4801-B0CD-8E4363154B76}.Release|Any CPU.ActiveCfg = Release|Any CPU
		{00CB3FAF-4BAF-4801-B0CD-8E4363154B76}.Release|Any CPU.Build.0 = Release|Any CPU
		{32368E7E-4EE2-4258-A9BB-5806DD4C3A9B}.Debug|Any CPU.ActiveCfg = Debug|Any CPU
		{32368E7E-4EE2-4258-A9BB-5806DD4C3A9B}.Debug|Any CPU.Build.0 = Debug|Any CPU
		{32368E7E-4EE2-4258-A9BB-5806DD4C3A9B}.Release|Any CPU.ActiveCfg = Release|Any CPU
		{32368E7E-4EE2-4258-A9BB-5806DD4C3A9B}.Release|Any CPU.Build.0 = Release|Any CPU
		{9319ABA9-FAA8-4D10-B387-E6CE76EED131}.Debug|Any CPU.ActiveCfg = Debug|Any CPU
		{9319ABA9-FAA8-4D10-B387-E6CE76EED131}.Debug|Any CPU.Build.0 = Debug|Any CPU
		{9319ABA9-FAA8-4D10-B387-E6CE76EED131}.Release|Any CPU.ActiveCfg = Release|Any CPU
		{9319ABA9-FAA8-4D10-B387-E6CE76EED131}.Release|Any CPU.Build.0 = Release|Any CPU
		{3F3F538B-A30F-47A4-8080-BFBE1663D74F}.Debug|Any CPU.ActiveCfg = Debug|Any CPU
		{3F3F538B-A30F-47A4-8080-BFBE1663D74F}.Debug|Any CPU.Build.0 = Debug|Any CPU
		{3F3F538B-A30F-47A4-8080-BFBE1663D74F}.Release|Any CPU.ActiveCfg = Release|Any CPU
		{3F3F538B-A30F-47A4-8080-BFBE1663D74F}.Release|Any CPU.Build.0 = Release|Any CPU
		{E3385AAB-2453-43F8-B1BB-39424B0C4127}.Debug|Any CPU.ActiveCfg = Debug|Any CPU
		{E3385AAB-2453-43F8-B1BB-39424B0C4127}.Debug|Any CPU.Build.0 = Debug|Any CPU
		{E3385AAB-2453-43F8-B1BB-39424B0C4127}.Release|Any CPU.ActiveCfg = Release|Any CPU
		{E3385AAB-2453-43F8-B1BB-39424B0C4127}.Release|Any CPU.Build.0 = Release|Any CPU
		{8821C8BD-B1EA-47D1-8DAE-0B1E4D1CEE89}.Debug|Any CPU.ActiveCfg = Debug|Any CPU
		{8821C8BD-B1EA-47D1-8DAE-0B1E4D1CEE89}.Debug|Any CPU.Build.0 = Debug|Any CPU
		{8821C8BD-B1EA-47D1-8DAE-0B1E4D1CEE89}.Release|Any CPU.ActiveCfg = Release|Any CPU
		{8821C8BD-B1EA-47D1-8DAE-0B1E4D1CEE89}.Release|Any CPU.Build.0 = Release|Any CPU
		{6EA0308D-1924-4404-822E-6C325ABA9942}.Debug|Any CPU.ActiveCfg = Debug|Any CPU
		{6EA0308D-1924-4404-822E-6C325ABA9942}.Debug|Any CPU.Build.0 = Debug|Any CPU
		{6EA0308D-1924-4404-822E-6C325ABA9942}.Release|Any CPU.ActiveCfg = Release|Any CPU
		{6EA0308D-1924-4404-822E-6C325ABA9942}.Release|Any CPU.Build.0 = Release|Any CPU
		{3D9255C1-7773-4544-BE91-5695489197A5}.Debug|Any CPU.ActiveCfg = Debug|Any CPU
		{3D9255C1-7773-4544-BE91-5695489197A5}.Debug|Any CPU.Build.0 = Debug|Any CPU
		{3D9255C1-7773-4544-BE91-5695489197A5}.Release|Any CPU.ActiveCfg = Release|Any CPU
		{3D9255C1-7773-4544-BE91-5695489197A5}.Release|Any CPU.Build.0 = Release|Any CPU
		{0C02665D-9F96-4C44-B369-201D67CCFAD1}.Debug|Any CPU.ActiveCfg = Debug|Any CPU
		{0C02665D-9F96-4C44-B369-201D67CCFAD1}.Debug|Any CPU.Build.0 = Debug|Any CPU
		{0C02665D-9F96-4C44-B369-201D67CCFAD1}.Release|Any CPU.ActiveCfg = Release|Any CPU
		{0C02665D-9F96-4C44-B369-201D67CCFAD1}.Release|Any CPU.Build.0 = Release|Any CPU
		{85877E5D-C418-4B82-B623-7861D21C634B}.Debug|Any CPU.ActiveCfg = Debug|Any CPU
		{85877E5D-C418-4B82-B623-7861D21C634B}.Debug|Any CPU.Build.0 = Debug|Any CPU
		{85877E5D-C418-4B82-B623-7861D21C634B}.Release|Any CPU.ActiveCfg = Release|Any CPU
		{85877E5D-C418-4B82-B623-7861D21C634B}.Release|Any CPU.Build.0 = Release|Any CPU
		{6EF2A585-B5D5-471D-8EE5-8D928279DDCF}.Debug|Any CPU.ActiveCfg = Debug|Any CPU
		{6EF2A585-B5D5-471D-8EE5-8D928279DDCF}.Debug|Any CPU.Build.0 = Debug|Any CPU
		{6EF2A585-B5D5-471D-8EE5-8D928279DDCF}.Release|Any CPU.ActiveCfg = Release|Any CPU
		{6EF2A585-B5D5-471D-8EE5-8D928279DDCF}.Release|Any CPU.Build.0 = Release|Any CPU
	EndGlobalSection
	GlobalSection(SolutionProperties) = preSolution
		HideSolutionNode = FALSE
	EndGlobalSection
	GlobalSection(NestedProjects) = preSolution
		{553AD7F1-B3DC-4C0E-A7F9-4DE68D90467F} = {47B4BE62-0F47-4ACD-90D4-1BA6B103C8FC}
		{67639CA9-EBE9-4855-838C-66C69800FDE3} = {47B4BE62-0F47-4ACD-90D4-1BA6B103C8FC}
		{0BF42A2A-B60C-4368-954A-146B0CF2B923} = {47B4BE62-0F47-4ACD-90D4-1BA6B103C8FC}
		{27B4C4E0-54E6-4776-B8EC-8055685071A3} = {DEC81813-36B2-405B-BD0B-F87DE3B36177}
		{1ABF7DAA-1C08-4423-AB55-6D44D7044900} = {DEC81813-36B2-405B-BD0B-F87DE3B36177}
		{47CD26CA-BC0E-492C-83D4-129AD96C5A45} = {DEC81813-36B2-405B-BD0B-F87DE3B36177}
		{8F5E94F8-8338-4364-ABF9-E4BDC123D7AE} = {E0C173AB-79F1-4BF4-B264-4515095B3FCF}
		{87E11C49-5E51-4A95-BA2B-09FE55FC4BE3} = {E0C173AB-79F1-4BF4-B264-4515095B3FCF}
		{7BAE5D63-B1EE-49C9-B5B0-036C1D6025A5} = {E0C173AB-79F1-4BF4-B264-4515095B3FCF}
		{921533C5-8FD8-46E5-BB97-67BD80002E35} = {F8C8DEC3-A31A-4A7B-9F52-82A075C4F7D4}
		{B1FF245A-5758-47F1-BFCD-249624EBC702} = {F8C8DEC3-A31A-4A7B-9F52-82A075C4F7D4}
		{36C44552-A217-4B28-A9CD-97FC38D4741B} = {F8C8DEC3-A31A-4A7B-9F52-82A075C4F7D4}
		{F98D6597-628D-4B06-AA07-7C64D2BFC66D} = {1EAA7E2B-3535-44AF-ACBD-21BB102A2286}
		{00CB3FAF-4BAF-4801-B0CD-8E4363154B76} = {1EAA7E2B-3535-44AF-ACBD-21BB102A2286}
		{32368E7E-4EE2-4258-A9BB-5806DD4C3A9B} = {1EAA7E2B-3535-44AF-ACBD-21BB102A2286}
		{9319ABA9-FAA8-4D10-B387-E6CE76EED131} = {56EA4FD5-757A-4EBC-8D30-33A482F59AE0}
		{3F3F538B-A30F-47A4-8080-BFBE1663D74F} = {56EA4FD5-757A-4EBC-8D30-33A482F59AE0}
		{E3385AAB-2453-43F8-B1BB-39424B0C4127} = {56EA4FD5-757A-4EBC-8D30-33A482F59AE0}
		{8821C8BD-B1EA-47D1-8DAE-0B1E4D1CEE89} = {206D9FE0-1702-4188-8BBF-6B2E113F9855}
		{6EA0308D-1924-4404-822E-6C325ABA9942} = {206D9FE0-1702-4188-8BBF-6B2E113F9855}
		{3D9255C1-7773-4544-BE91-5695489197A5} = {206D9FE0-1702-4188-8BBF-6B2E113F9855}
		{0C02665D-9F96-4C44-B369-201D67CCFAD1} = {10B77BD6-AEA1-4BC4-BCE2-8B03736F91DD}
		{85877E5D-C418-4B82-B623-7861D21C634B} = {10B77BD6-AEA1-4BC4-BCE2-8B03736F91DD}
		{6EF2A585-B5D5-471D-8EE5-8D928279DDCF} = {10B77BD6-AEA1-4BC4-BCE2-8B03736F91DD}
	EndGlobalSection
	GlobalSection(ExtensibilityGlobals) = postSolution
		SolutionGuid = {3B09A74B-82D0-4AD0-843A-5D3A03EB8CC6}
	EndGlobalSection
EndGlobal
